
Microsoft Visual Studio Solution File, Format Version 12.00
# Visual Studio Version 17
VisualStudioVersion = 17.14.36518.9 d17.14
MinimumVisualStudioVersion = 10.0.40219.1
Project("{FAE04EC0-301F-11D3-BF4B-00C04F79EFBC}") = "ConsoleCalcu", "ConsoleCalcu\ConsoleCalcu.csproj", "{C5F64CC9-34CA-4880-ADF3-74A66AF21282}"
EndProject
Global
	GlobalSection(SolutionConfigurationPlatforms) = preSolution
		Debug|Any CPU = Debug|Any CPU
		Release|Any CPU = Release|Any CPU
	EndGlobalSection
	GlobalSection(ProjectConfigurationPlatforms) = postSolution
		{C5F64CC9-34CA-4880-ADF3-74A66AF21282}.Debug|Any CPU.ActiveCfg = Debug|Any CPU
		{C5F64CC9-34CA-4880-ADF3-74A66AF21282}.Debug|Any CPU.Build.0 = Debug|Any CPU
		{C5F64CC9-34CA-4880-ADF3-74A66AF21282}.Release|Any CPU.ActiveCfg = Release|Any CPU
		{C5F64CC9-34CA-4880-ADF3-74A66AF21282}.Release|Any CPU.Build.0 = Release|Any CPU
	EndGlobalSection
	GlobalSection(SolutionProperties) = preSolution
		HideSolutionNode = FALSE
	EndGlobalSection
	GlobalSection(ExtensibilityGlobals) = postSolution
		SolutionGuid = {D3D2ED24-8476-4B65-AD7E-1C0199309DAD}
	EndGlobalSection
EndGlobal
